
Microsoft Visual Studio Solution File, Format Version 12.00
# Visual Studio Version 17
VisualStudioVersion = 17.10.35122.118
MinimumVisualStudioVersion = 10.0.40219.1
Project("{FAE04EC0-301F-11D3-BF4B-00C04F79EFBC}") = "EFWorkshopCodeFirst", "EFWorkshopCodeFirst\EFWorkshopCodeFirst.csproj", "{E70A6EBA-02CC-4643-898F-4A0C746FF86C}"
EndProject
Global
	GlobalSection(SolutionConfigurationPlatforms) = preSolution
		Debug|Any CPU = Debug|Any CPU
		Release|Any CPU = Release|Any CPU
	EndGlobalSection
	GlobalSection(ProjectConfigurationPlatforms) = postSolution
		{E70A6EBA-02CC-4643-898F-4A0C746FF86C}.Debug|Any CPU.ActiveCfg = Debug|Any CPU
		{E70A6EBA-02CC-4643-898F-4A0C746FF86C}.Debug|Any CPU.Build.0 = Debug|Any CPU
		{E70A6EBA-02CC-4643-898F-4A0C746FF86C}.Release|Any CPU.ActiveCfg = Release|Any CPU
		{E70A6EBA-02CC-4643-898F-4A0C746FF86C}.Release|Any CPU.Build.0 = Release|Any CPU
	EndGlobalSection
	GlobalSection(SolutionProperties) = preSolution
		HideSolutionNode = FALSE
	EndGlobalSection
	GlobalSection(ExtensibilityGlobals) = postSolution
		SolutionGuid = {965532A8-4455-4E5F-9E30-73299712528F}
	EndGlobalSection
EndGlobal
